<?xml version="1.0" encoding="utf-8"?>
<Project ToolsVersion="4.0" xmlns="http://schemas.microsoft.com/developer/msbuild/2003">
  <ItemGroup>
    <Filter Include="소스 파일">
      <UniqueIdentifier>{4FC737F1-C7A5-4376-A066-2A32D752A2FF}</UniqueIdentifier>
      <Extensions>cpp;c;cc;cxx;def;odl;idl;hpj;bat;asm;asmx</Extensions>
    </Filter>
    <Filter Include="헤더 파일">
      <UniqueIdentifier>{93995380-89BD-4b04-88EB-625FBE52EBFB}</UniqueIdentifier>
      <Extensions>h;hh;hpp;hxx;hm;inl;inc;xsd</Extensions>
    </Filter>
    <Filter Include="리소스 파일">
      <UniqueIdentifier>{67DA6AB6-F800-4c08-8B7A-83BB121AAD01}</UniqueIdentifier>
      <Extensions>rc;ico;cur;bmp;dlg;rc2;rct;bin;rgs;gif;jpg;jpeg;jpe;resx;tiff;tif;png;wav;mfcribbon-ms</Extensions>
    </Filter>
    <Filter Include="소스 파일\00.MainGame">
      <UniqueIdentifier>{b87132de-afa2-49af-8c0e-eb77e9448283}</UniqueIdentifier>
    </Filter>
    <Filter Include="소스 파일\01.Scene">
      <UniqueIdentifier>{808341f6-d58d-4ea7-80db-be240328fa28}</UniqueIdentifier>
    </Filter>
    <Filter Include="소스 파일\02.Object">
      <UniqueIdentifier>{ba68c6a1-a8f0-47e8-b485-5a849228dccb}</UniqueIdentifier>
    </Filter>
    <Filter Include="소스 파일\03.Manager">
      <UniqueIdentifier>{1875d8ea-7005-4a1d-94c1-8de534512daf}</UniqueIdentifier>
    </Filter>
    <Filter Include="소스 파일\04.DesignPattern">
      <UniqueIdentifier>{f3b8ccfd-3990-4e96-91ae-eec31a0bf7e7}</UniqueIdentifier>
    </Filter>
    <Filter Include="소스 파일\99.Default">
      <UniqueIdentifier>{4dd0d5dd-107b-441c-a8a7-79351fe1b7ed}</UniqueIdentifier>
    </Filter>
    <Filter Include="소스 파일\01.Scene\00.Logo">
      <UniqueIdentifier>{2c99d2c4-d9eb-41a0-a560-42368fecbd6d}</UniqueIdentifier>
    </Filter>
    <Filter Include="소스 파일\01.Scene\01.Title">
      <UniqueIdentifier>{25f6d4a8-a0a6-4ed9-a348-040c15d58183}</UniqueIdentifier>
    </Filter>
    <Filter Include="소스 파일\01.Scene\02.Town">
      <UniqueIdentifier>{74902a33-6a60-45bf-b7da-bc711db01c9a}</UniqueIdentifier>
    </Filter>
    <Filter Include="소스 파일\02.Object\00.BackGround">
      <UniqueIdentifier>{b68030d2-c8c5-4c03-a381-edb2944d63e9}</UniqueIdentifier>
    </Filter>
    <Filter Include="소스 파일\03.Manager\00.Device">
      <UniqueIdentifier>{952853bb-6abe-42e5-bcae-026bb48ff005}</UniqueIdentifier>
    </Filter>
    <Filter Include="소스 파일\03.Manager\01.ObjectManager">
      <UniqueIdentifier>{650ea7ca-6671-41d2-80a6-aaa9c5b19edb}</UniqueIdentifier>
    </Filter>
    <Filter Include="소스 파일\03.Manager\02.ScrollManager">
      <UniqueIdentifier>{1f4eaa5c-0928-45b2-86c6-818c236d589b}</UniqueIdentifier>
    </Filter>
    <Filter Include="소스 파일\03.Manager\03.KeyManager">
      <UniqueIdentifier>{6e69b6fd-cd4c-4ad1-9c60-fe357005ef01}</UniqueIdentifier>
    </Filter>
    <Filter Include="소스 파일\03.Manager\04.TimeManager">
      <UniqueIdentifier>{880d7f56-4c8d-4620-bcc2-cebbcd35a603}</UniqueIdentifier>
    </Filter>
    <Filter Include="소스 파일\03.Manager\05.TextureManager">
      <UniqueIdentifier>{1a1bd7fa-4fdf-4aef-810d-38d5aae6c8c9}</UniqueIdentifier>
    </Filter>
    <Filter Include="소스 파일\03.Manager\06.CollisionManager">
      <UniqueIdentifier>{a9e206c8-3281-4a2f-a162-3f4049863bea}</UniqueIdentifier>
    </Filter>
    <Filter Include="소스 파일\04.DesignPattern\00.Bridge">
      <UniqueIdentifier>{fd5c0c13-fb38-4229-a05d-80c5ea50db2d}</UniqueIdentifier>
    </Filter>
    <Filter Include="소스 파일\04.DesignPattern\01.Observer">
      <UniqueIdentifier>{289b4cf0-0215-44e9-b0c3-43553527769c}</UniqueIdentifier>
    </Filter>
    <Filter Include="소스 파일\01.Scene\03.Stage">
      <UniqueIdentifier>{f7dbfd43-c343-4f84-a1d8-a39e1128fb35}</UniqueIdentifier>
    </Filter>
    <Filter Include="소스 파일\02.Object\01.Layer">
      <UniqueIdentifier>{4811384a-e886-4cc4-b6ee-e4f756971d97}</UniqueIdentifier>
    </Filter>
    <Filter Include="소스 파일\02.Object\03.MapObject">
      <UniqueIdentifier>{c6e5872a-e288-45b4-a53f-e0a925d35779}</UniqueIdentifier>
    </Filter>
    <Filter Include="소스 파일\02.Object\04.Weapon">
      <UniqueIdentifier>{f8b1dcfc-ad3d-4c95-9e50-6c960ec38223}</UniqueIdentifier>
    </Filter>
    <Filter Include="소스 파일\02.Object\05.Actor">
      <UniqueIdentifier>{45fb1a13-06d4-4696-a655-1f1a4ea49bf6}</UniqueIdentifier>
    </Filter>
    <Filter Include="소스 파일\02.Object\06.Bullet">
      <UniqueIdentifier>{5debea95-a7f9-44a4-8e22-bbd66fcf3a79}</UniqueIdentifier>
    </Filter>
    <Filter Include="소스 파일\02.Object\07.Effect">
      <UniqueIdentifier>{c0ef776e-e18a-49fb-9abb-8b835d139d61}</UniqueIdentifier>
    </Filter>
    <Filter Include="소스 파일\02.Object\08.UI">
      <UniqueIdentifier>{2c14e065-a7cc-4230-82b2-a44c2ec1b72d}</UniqueIdentifier>
    </Filter>
    <Filter Include="소스 파일\03.Manager\05.TextureManager\Texture">
      <UniqueIdentifier>{97bb20c2-2136-4c60-b568-65877f19b668}</UniqueIdentifier>
    </Filter>
    <Filter Include="소스 파일\02.Object\02.TileMap">
      <UniqueIdentifier>{d68a916c-2275-400b-b121-0eafc9e8cd9e}</UniqueIdentifier>
    </Filter>
    <Filter Include="소스 파일\02.Object\08.UI\00.Logo">
      <UniqueIdentifier>{3534779b-5396-4123-a4a0-3df279c60f5b}</UniqueIdentifier>
    </Filter>
    <Filter Include="소스 파일\02.Object\08.UI\01.Cursor">
      <UniqueIdentifier>{3be7e025-68b8-4542-a87c-4cad98602e7b}</UniqueIdentifier>
    </Filter>
    <Filter Include="소스 파일\02.Object\08.UI\02.Button">
      <UniqueIdentifier>{e4036f30-92f0-45f3-b29d-ddbedbca23c3}</UniqueIdentifier>
    </Filter>
    <Filter Include="소스 파일\02.Object\05.Actor\00.Player">
      <UniqueIdentifier>{fcf1fd24-ec1d-4930-9346-f005f7b32fba}</UniqueIdentifier>
    </Filter>
    <Filter Include="소스 파일\02.Object\07.Effect\EffectBridge">
      <UniqueIdentifier>{ff0b20f2-5e9f-42e2-9102-ea4bdbf7d0fd}</UniqueIdentifier>
    </Filter>
    <Filter Include="소스 파일\02.Object\07.Effect\EffectBridge\Effect_Extinction">
      <UniqueIdentifier>{f5c6d13f-6f33-484c-8401-2332b0e3674e}</UniqueIdentifier>
    </Filter>
    <Filter Include="소스 파일\02.Object\04.Weapon\WeaponBridge">
      <UniqueIdentifier>{172c1f39-bb4b-40c5-8749-ed3428808fd8}</UniqueIdentifier>
    </Filter>
    <Filter Include="소스 파일\02.Object\05.Actor\01.Monster">
      <UniqueIdentifier>{4f152cbb-6e17-487a-860f-ecbb7ff7115a}</UniqueIdentifier>
    </Filter>
    <Filter Include="소스 파일\02.Object\05.Actor\02.Boss">
      <UniqueIdentifier>{6c783d2b-1552-426a-be5f-f8eac97cb619}</UniqueIdentifier>
    </Filter>
    <Filter Include="소스 파일\02.Object\07.Effect\EffectBridge\Effect_Alpha">
      <UniqueIdentifier>{1430cab2-60ea-460c-bb52-a7142a3b96d8}</UniqueIdentifier>
    </Filter>
    <Filter Include="소스 파일\02.Object\04.Weapon\00.Weapon_Hand">
      <UniqueIdentifier>{dbb90cd3-764c-4303-bdfe-381725e50a26}</UniqueIdentifier>
    </Filter>
    <Filter Include="소스 파일\02.Object\05.Actor\01.Monster\00.Skell">
      <UniqueIdentifier>{997d8f07-235d-4966-a899-553634715035}</UniqueIdentifier>
    </Filter>
    <Filter Include="소스 파일\02.Object\04.Weapon\01.Weapon_Sword">
      <UniqueIdentifier>{5b9dfa49-f956-4c35-bdb7-1be279c76478}</UniqueIdentifier>
    </Filter>
    <Filter Include="소스 파일\02.Object\04.Weapon\02.Weapon_Halberd">
      <UniqueIdentifier>{251182f0-1bc6-4a23-a07e-f72501bbd2ab}</UniqueIdentifier>
    </Filter>
    <Filter Include="소스 파일\01.Scene\03.Stage\Room1">
      <UniqueIdentifier>{60602d1a-4460-4407-b75b-b49ef781a8d7}</UniqueIdentifier>
    </Filter>
    <Filter Include="소스 파일\01.Scene\03.Stage\Room2">
      <UniqueIdentifier>{c4e6968d-d7ac-467a-a16d-169544011197}</UniqueIdentifier>
    </Filter>
    <Filter Include="소스 파일\01.Scene\03.Stage\Room3">
      <UniqueIdentifier>{672ceace-0f08-4e52-a12f-f68c60fadce6}</UniqueIdentifier>
    </Filter>
    <Filter Include="소스 파일\02.Object\05.Actor\01.Monster\01.Banshee">
      <UniqueIdentifier>{83065fbc-eb62-452d-8fcb-1498c6ae267f}</UniqueIdentifier>
    </Filter>
    <Filter Include="소스 파일\03.Manager\07.SoundManager">
      <UniqueIdentifier>{cec23cf3-2fbc-4331-a2ae-8b743e80678a}</UniqueIdentifier>
    </Filter>
    <Filter Include="소스 파일\01.Scene\03.Stage\BossRoom">
      <UniqueIdentifier>{fd375723-16cd-4bb9-a44c-354bd9916d66}</UniqueIdentifier>
    </Filter>
    <Filter Include="소스 파일\04.DesignPattern\01.Observer\Observer">
      <UniqueIdentifier>{78b18377-0800-4548-9c52-53c4de954a32}</UniqueIdentifier>
    </Filter>
    <Filter Include="소스 파일\04.DesignPattern\01.Observer\Subject">
      <UniqueIdentifier>{f2038bc2-801d-4665-9051-548630d06ca0}</UniqueIdentifier>
    </Filter>
  </ItemGroup>
  <ItemGroup>
    <ClInclude Include="stdafx.h">
      <Filter>헤더 파일</Filter>
    </ClInclude>
    <ClInclude Include="Client.h">
      <Filter>소스 파일\99.Default</Filter>
    </ClInclude>
    <ClInclude Include="Resource.h">
      <Filter>소스 파일\99.Default</Filter>
    </ClInclude>
    <ClInclude Include="targetver.h">
      <Filter>소스 파일\99.Default</Filter>
    </ClInclude>
    <ClInclude Include="Device.h">
      <Filter>소스 파일\03.Manager\00.Device</Filter>
    </ClInclude>
    <ClInclude Include="MainGame.h">
      <Filter>소스 파일\00.MainGame</Filter>
    </ClInclude>
    <ClInclude Include="Scene.h">
      <Filter>소스 파일\01.Scene</Filter>
    </ClInclude>
    <ClInclude Include="SceneManager.h">
      <Filter>소스 파일\01.Scene</Filter>
    </ClInclude>
    <ClInclude Include="Obj.h">
      <Filter>소스 파일\02.Object</Filter>
    </ClInclude>
    <ClInclude Include="BackGround.h">
      <Filter>소스 파일\02.Object\00.BackGround</Filter>
    </ClInclude>
    <ClInclude Include="KeyManager.h">
      <Filter>소스 파일\03.Manager\03.KeyManager</Filter>
    </ClInclude>
    <ClInclude Include="TimeManager.h">
      <Filter>소스 파일\03.Manager\04.TimeManager</Filter>
    </ClInclude>
    <ClInclude Include="ScrollManager.h">
      <Filter>소스 파일\03.Manager\02.ScrollManager</Filter>
    </ClInclude>
    <ClInclude Include="ObjectManager.h">
      <Filter>소스 파일\03.Manager\01.ObjectManager</Filter>
    </ClInclude>
    <ClInclude Include="AbstractObjFactory.h">
      <Filter>소스 파일\02.Object</Filter>
    </ClInclude>
    <ClInclude Include="TextureManager.h">
      <Filter>소스 파일\03.Manager\05.TextureManager</Filter>
    </ClInclude>
    <ClInclude Include="Texture.h">
      <Filter>소스 파일\03.Manager\05.TextureManager\Texture</Filter>
    </ClInclude>
    <ClInclude Include="MultiTexture.h">
      <Filter>소스 파일\03.Manager\05.TextureManager\Texture</Filter>
    </ClInclude>
    <ClInclude Include="SingleTexture.h">
      <Filter>소스 파일\03.Manager\05.TextureManager\Texture</Filter>
    </ClInclude>
    <ClInclude Include="UI.h">
      <Filter>소스 파일\02.Object\08.UI</Filter>
    </ClInclude>
    <ClInclude Include="TownScene.h">
      <Filter>소스 파일\01.Scene\02.Town</Filter>
    </ClInclude>
    <ClInclude Include="Bridge.h">
      <Filter>소스 파일\04.DesignPattern\00.Bridge</Filter>
    </ClInclude>
    <ClInclude Include="LogoScene.h">
      <Filter>소스 파일\01.Scene\00.Logo</Filter>
    </ClInclude>
    <ClInclude Include="TitleScene.h">
      <Filter>소스 파일\01.Scene\01.Title</Filter>
    </ClInclude>
    <ClInclude Include="UI_Logo.h">
      <Filter>소스 파일\02.Object\08.UI\00.Logo</Filter>
    </ClInclude>
    <ClInclude Include="UI_Cursor.h">
      <Filter>소스 파일\02.Object\08.UI\01.Cursor</Filter>
    </ClInclude>
    <ClInclude Include="UI_Button.h">
      <Filter>소스 파일\02.Object\08.UI\02.Button</Filter>
    </ClInclude>
    <ClInclude Include="Layer.h">
      <Filter>소스 파일\02.Object\01.Layer</Filter>
    </ClInclude>
    <ClInclude Include="TileMap.h">
      <Filter>소스 파일\02.Object\02.TileMap</Filter>
    </ClInclude>
    <ClInclude Include="MapObj.h">
      <Filter>소스 파일\02.Object\03.MapObject</Filter>
    </ClInclude>
    <ClInclude Include="Player.h">
      <Filter>소스 파일\02.Object\05.Actor\00.Player</Filter>
    </ClInclude>
    <ClInclude Include="CollisionManager.h">
      <Filter>소스 파일\03.Manager\06.CollisionManager</Filter>
    </ClInclude>
    <ClInclude Include="Effect.h">
      <Filter>소스 파일\02.Object\07.Effect</Filter>
    </ClInclude>
    <ClInclude Include="EffectBridge.h">
      <Filter>소스 파일\02.Object\07.Effect\EffectBridge</Filter>
    </ClInclude>
    <ClInclude Include="Effect_Extinction.h">
      <Filter>소스 파일\02.Object\07.Effect\EffectBridge\Effect_Extinction</Filter>
    </ClInclude>
    <ClInclude Include="Weapon.h">
      <Filter>소스 파일\02.Object\04.Weapon</Filter>
    </ClInclude>
    <ClInclude Include="WeaponBridge.h">
      <Filter>소스 파일\02.Object\04.Weapon\WeaponBridge</Filter>
    </ClInclude>
    <ClInclude Include="Effect_Alpha.h">
      <Filter>소스 파일\02.Object\07.Effect\EffectBridge\Effect_Alpha</Filter>
    </ClInclude>
    <ClInclude Include="Weapon_Hand.h">
      <Filter>소스 파일\02.Object\04.Weapon\00.Weapon_Hand</Filter>
    </ClInclude>
    <ClInclude Include="Monster.h">
      <Filter>소스 파일\02.Object\05.Actor\01.Monster</Filter>
    </ClInclude>
    <ClInclude Include="Monster_Skell.h">
      <Filter>소스 파일\02.Object\05.Actor\01.Monster\00.Skell</Filter>
    </ClInclude>
    <ClInclude Include="Weapon_Sword.h">
      <Filter>소스 파일\02.Object\04.Weapon\01.Weapon_Sword</Filter>
    </ClInclude>
    <ClInclude Include="Weapon_Halberd.h">
      <Filter>소스 파일\02.Object\04.Weapon\02.Weapon_Halberd</Filter>
    </ClInclude>
    <ClInclude Include="Room_1.h">
      <Filter>소스 파일\01.Scene\03.Stage\Room1</Filter>
    </ClInclude>
    <ClInclude Include="Room_2.h">
      <Filter>소스 파일\01.Scene\03.Stage\Room2</Filter>
    </ClInclude>
    <ClInclude Include="HitBox.h">
      <Filter>소스 파일\02.Object\04.Weapon</Filter>
    </ClInclude>
    <ClInclude Include="Obj_Dungeon.h">
      <Filter>소스 파일\02.Object\03.MapObject</Filter>
    </ClInclude>
    <ClInclude Include="Obj_Door.h">
      <Filter>소스 파일\02.Object\03.MapObject</Filter>
    </ClInclude>
    <ClInclude Include="Obj_Torch.h">
      <Filter>소스 파일\02.Object\03.MapObject</Filter>
    </ClInclude>
    <ClInclude Include="Monster_Banshee.h">
      <Filter>소스 파일\02.Object\05.Actor\01.Monster\01.Banshee</Filter>
    </ClInclude>
    <ClInclude Include="Room_3.h">
      <Filter>소스 파일\01.Scene\03.Stage\Room3</Filter>
    </ClInclude>
    <ClInclude Include="SoundManager.h">
      <Filter>소스 파일\03.Manager\07.SoundManager</Filter>
    </ClInclude>
    <ClInclude Include="Bullet_Banshee.h">
      <Filter>헤더 파일</Filter>
    </ClInclude>
    <ClInclude Include="Bullet.h">
      <Filter>소스 파일\02.Object\06.Bullet</Filter>
    </ClInclude>
    <ClInclude Include="Observer.h">
      <Filter>소스 파일\04.DesignPattern\01.Observer\Observer</Filter>
    </ClInclude>
  </ItemGroup>
  <ItemGroup>
    <ClCompile Include="Client.cpp">
      <Filter>헤더 파일</Filter>
    </ClCompile>
    <ClCompile Include="stdafx.cpp">
      <Filter>소스 파일\99.Default</Filter>
    </ClCompile>
    <ClCompile Include="Device.cpp">
      <Filter>소스 파일\03.Manager\00.Device</Filter>
    </ClCompile>
    <ClCompile Include="MainGame.cpp">
      <Filter>소스 파일\00.MainGame</Filter>
    </ClCompile>
    <ClCompile Include="Scene.cpp">
      <Filter>소스 파일\01.Scene</Filter>
    </ClCompile>
    <ClCompile Include="SceneManager.cpp">
      <Filter>소스 파일\01.Scene</Filter>
    </ClCompile>
    <ClCompile Include="Obj.cpp">
      <Filter>소스 파일\02.Object</Filter>
    </ClCompile>
    <ClCompile Include="BackGround.cpp">
      <Filter>소스 파일\02.Object\00.BackGround</Filter>
    </ClCompile>
    <ClCompile Include="KeyManager.cpp">
      <Filter>소스 파일\03.Manager\03.KeyManager</Filter>
    </ClCompile>
    <ClCompile Include="TimeManager.cpp">
      <Filter>소스 파일\03.Manager\04.TimeManager</Filter>
    </ClCompile>
    <ClCompile Include="ScrollManager.cpp">
      <Filter>소스 파일\03.Manager\02.ScrollManager</Filter>
    </ClCompile>
    <ClCompile Include="ObjectManager.cpp">
      <Filter>소스 파일\03.Manager\01.ObjectManager</Filter>
    </ClCompile>
    <ClCompile Include="TextureManager.cpp">
      <Filter>소스 파일\03.Manager\05.TextureManager</Filter>
    </ClCompile>
    <ClCompile Include="Texture.cpp">
      <Filter>소스 파일\03.Manager\05.TextureManager\Texture</Filter>
    </ClCompile>
    <ClCompile Include="MultiTexture.cpp">
      <Filter>소스 파일\03.Manager\05.TextureManager\Texture</Filter>
    </ClCompile>
    <ClCompile Include="SingleTexture.cpp">
      <Filter>소스 파일\03.Manager\05.TextureManager\Texture</Filter>
    </ClCompile>
    <ClCompile Include="UI.cpp">
      <Filter>소스 파일\02.Object\08.UI</Filter>
    </ClCompile>
    <ClCompile Include="TownScene.cpp">
      <Filter>소스 파일\01.Scene\02.Town</Filter>
    </ClCompile>
    <ClCompile Include="Bridge.cpp">
      <Filter>소스 파일\04.DesignPattern\00.Bridge</Filter>
    </ClCompile>
    <ClCompile Include="LogoScene.cpp">
      <Filter>소스 파일\01.Scene\00.Logo</Filter>
    </ClCompile>
    <ClCompile Include="TitleScene.cpp">
      <Filter>소스 파일\01.Scene\01.Title</Filter>
    </ClCompile>
    <ClCompile Include="UI_Logo.cpp">
      <Filter>소스 파일\02.Object\08.UI\00.Logo</Filter>
    </ClCompile>
    <ClCompile Include="UI_Cursor.cpp">
      <Filter>소스 파일\02.Object\08.UI\01.Cursor</Filter>
    </ClCompile>
    <ClCompile Include="UI_Button.cpp">
      <Filter>소스 파일\02.Object\08.UI\02.Button</Filter>
    </ClCompile>
    <ClCompile Include="Layer.cpp">
      <Filter>소스 파일\02.Object\01.Layer</Filter>
    </ClCompile>
    <ClCompile Include="TileMap.cpp">
      <Filter>소스 파일\02.Object\02.TileMap</Filter>
    </ClCompile>
    <ClCompile Include="MapObj.cpp">
      <Filter>소스 파일\02.Object\03.MapObject</Filter>
    </ClCompile>
    <ClCompile Include="Player.cpp">
      <Filter>소스 파일\02.Object\05.Actor\00.Player</Filter>
    </ClCompile>
    <ClCompile Include="CollisionManager.cpp">
      <Filter>소스 파일\03.Manager\06.CollisionManager</Filter>
    </ClCompile>
    <ClCompile Include="Effect.cpp">
      <Filter>소스 파일\02.Object\07.Effect</Filter>
    </ClCompile>
    <ClCompile Include="EffectBridge.cpp">
      <Filter>소스 파일\02.Object\07.Effect\EffectBridge</Filter>
    </ClCompile>
    <ClCompile Include="Effect_Extinction.cpp">
      <Filter>소스 파일\02.Object\07.Effect\EffectBridge\Effect_Extinction</Filter>
    </ClCompile>
    <ClCompile Include="Weapon.cpp">
      <Filter>소스 파일\02.Object\04.Weapon</Filter>
    </ClCompile>
    <ClCompile Include="WeaponBridge.cpp">
      <Filter>소스 파일\02.Object\04.Weapon\WeaponBridge</Filter>
    </ClCompile>
    <ClCompile Include="Effect_Alpha.cpp">
      <Filter>소스 파일\02.Object\07.Effect\EffectBridge\Effect_Alpha</Filter>
    </ClCompile>
    <ClCompile Include="Weapon_Hand.cpp">
      <Filter>소스 파일\02.Object\04.Weapon\00.Weapon_Hand</Filter>
    </ClCompile>
    <ClCompile Include="Monster.cpp">
      <Filter>소스 파일\02.Object\05.Actor\01.Monster</Filter>
    </ClCompile>
    <ClCompile Include="Monster_Skell.cpp">
      <Filter>소스 파일\02.Object\05.Actor\01.Monster\00.Skell</Filter>
    </ClCompile>
    <ClCompile Include="Weapon_Sword.cpp">
      <Filter>소스 파일\02.Object\04.Weapon\01.Weapon_Sword</Filter>
    </ClCompile>
    <ClCompile Include="Weapon_Halberd.cpp">
      <Filter>소스 파일\02.Object\04.Weapon\02.Weapon_Halberd</Filter>
    </ClCompile>
    <ClCompile Include="Room_1.cpp">
      <Filter>소스 파일\01.Scene\03.Stage\Room1</Filter>
    </ClCompile>
    <ClCompile Include="Room_2.cpp">
      <Filter>소스 파일\01.Scene\03.Stage\Room2</Filter>
    </ClCompile>
    <ClCompile Include="HitBox.cpp">
      <Filter>소스 파일\02.Object\04.Weapon</Filter>
    </ClCompile>
    <ClCompile Include="Obj_Dungeon.cpp">
      <Filter>소스 파일\02.Object\03.MapObject</Filter>
    </ClCompile>
    <ClCompile Include="Obj_Door.cpp">
      <Filter>소스 파일\02.Object\03.MapObject</Filter>
    </ClCompile>
    <ClCompile Include="Obj_Torch.cpp">
      <Filter>소스 파일\02.Object\03.MapObject</Filter>
    </ClCompile>
    <ClCompile Include="Monster_Banshee.cpp">
      <Filter>소스 파일\02.Object\05.Actor\01.Monster\01.Banshee</Filter>
    </ClCompile>
    <ClCompile Include="Room_3.cpp">
      <Filter>소스 파일\01.Scene\03.Stage\Room3</Filter>
    </ClCompile>
    <ClCompile Include="SoundManager.cpp">
      <Filter>소스 파일\03.Manager\07.SoundManager</Filter>
    </ClCompile>
    <ClCompile Include="Bullet.cpp">
      <Filter>소스 파일\02.Object\06.Bullet</Filter>
    </ClCompile>
    <ClCompile Include="Bullet_Banshee.cpp">
      <Filter>헤더 파일</Filter>
    </ClCompile>
    <ClCompile Include="Observer.cpp">
      <Filter>소스 파일\04.DesignPattern\01.Observer\Observer</Filter>
    </ClCompile>
  </ItemGroup>
  <ItemGroup>
    <ResourceCompile Include="Client.rc">
      <Filter>리소스 파일</Filter>
    </ResourceCompile>
  </ItemGroup>
  <ItemGroup>
    <Image Include="small.ico">
      <Filter>리소스 파일</Filter>
    </Image>
    <Image Include="Client.ico">
      <Filter>리소스 파일</Filter>
    </Image>
  </ItemGroup>
</Project>